
Microsoft Visual Studio Solution File, Format Version 12.00
# Visual Studio 15
VisualStudioVersion = 15.0.26124.0
MinimumVisualStudioVersion = 15.0.26124.0
Project("{2150E333-8FDC-42A3-9474-1A3956D46DE8}") = "src", "src", "{8FAD1B61-A0E8-43DC-AAA2-731F09869228}"
EndProject
Project("{9A19103F-16F7-4668-BE54-9A1E7A4F7556}") = "Efforteo.Common", "src\Efforteo.Common\Efforteo.Common.csproj", "{D4D075D3-190A-4BE8-87D1-CE1DFD94590A}"
EndProject
Project("{9A19103F-16F7-4668-BE54-9A1E7A4F7556}") = "Efforteo.Services.Activities", "src\Efforteo.Services.Activities\Efforteo.Services.Activities.csproj", "{ACE94A6A-93BF-49FA-80FF-7A40F51DA46A}"
EndProject
Project("{9A19103F-16F7-4668-BE54-9A1E7A4F7556}") = "Efforteo.Services.Authentication", "src\Efforteo.Services.Authentication\Efforteo.Services.Authentication.csproj", "{7193A5AC-C642-47C6-8728-D37988960351}"
EndProject
Project("{9A19103F-16F7-4668-BE54-9A1E7A4F7556}") = "Efforteo.Services.Accounts", "src\Efforteo.Services.Accounts\Efforteo.Services.Accounts.csproj", "{32139110-50B9-429E-B4C2-2EF6096D9032}"
EndProject
Project("{FAE04EC0-301F-11D3-BF4B-00C04F79EFBC}") = "Efforteo.Services.Api", "src\Efforteo.Services.Api\Efforteo.Services.Api.csproj", "{66F6CE33-8471-45EB-A57F-3AAC17BA8375}"
EndProject
Global
	GlobalSection(SolutionConfigurationPlatforms) = preSolution
		Debug|Any CPU = Debug|Any CPU
		Debug|x64 = Debug|x64
		Debug|x86 = Debug|x86
		Release|Any CPU = Release|Any CPU
		Release|x64 = Release|x64
		Release|x86 = Release|x86
	EndGlobalSection
	GlobalSection(ProjectConfigurationPlatforms) = postSolution
		{D4D075D3-190A-4BE8-87D1-CE1DFD94590A}.Debug|Any CPU.ActiveCfg = Debug|Any CPU
		{D4D075D3-190A-4BE8-87D1-CE1DFD94590A}.Debug|Any CPU.Build.0 = Debug|Any CPU
		{D4D075D3-190A-4BE8-87D1-CE1DFD94590A}.Debug|x64.ActiveCfg = Debug|Any CPU
		{D4D075D3-190A-4BE8-87D1-CE1DFD94590A}.Debug|x64.Build.0 = Debug|Any CPU
		{D4D075D3-190A-4BE8-87D1-CE1DFD94590A}.Debug|x86.ActiveCfg = Debug|Any CPU
		{D4D075D3-190A-4BE8-87D1-CE1DFD94590A}.Debug|x86.Build.0 = Debug|Any CPU
		{D4D075D3-190A-4BE8-87D1-CE1DFD94590A}.Release|Any CPU.ActiveCfg = Release|Any CPU
		{D4D075D3-190A-4BE8-87D1-CE1DFD94590A}.Release|Any CPU.Build.0 = Release|Any CPU
		{D4D075D3-190A-4BE8-87D1-CE1DFD94590A}.Release|x64.ActiveCfg = Release|Any CPU
		{D4D075D3-190A-4BE8-87D1-CE1DFD94590A}.Release|x64.Build.0 = Release|Any CPU
		{D4D075D3-190A-4BE8-87D1-CE1DFD94590A}.Release|x86.ActiveCfg = Release|Any CPU
		{D4D075D3-190A-4BE8-87D1-CE1DFD94590A}.Release|x86.Build.0 = Release|Any CPU
		{ACE94A6A-93BF-49FA-80FF-7A40F51DA46A}.Debug|Any CPU.ActiveCfg = Debug|Any CPU
		{ACE94A6A-93BF-49FA-80FF-7A40F51DA46A}.Debug|Any CPU.Build.0 = Debug|Any CPU
		{ACE94A6A-93BF-49FA-80FF-7A40F51DA46A}.Debug|x64.ActiveCfg = Debug|Any CPU
		{ACE94A6A-93BF-49FA-80FF-7A40F51DA46A}.Debug|x64.Build.0 = Debug|Any CPU
		{ACE94A6A-93BF-49FA-80FF-7A40F51DA46A}.Debug|x86.ActiveCfg = Debug|Any CPU
		{ACE94A6A-93BF-49FA-80FF-7A40F51DA46A}.Debug|x86.Build.0 = Debug|Any CPU
		{ACE94A6A-93BF-49FA-80FF-7A40F51DA46A}.Release|Any CPU.ActiveCfg = Release|Any CPU
		{ACE94A6A-93BF-49FA-80FF-7A40F51DA46A}.Release|Any CPU.Build.0 = Release|Any CPU
		{ACE94A6A-93BF-49FA-80FF-7A40F51DA46A}.Release|x64.ActiveCfg = Release|Any CPU
		{ACE94A6A-93BF-49FA-80FF-7A40F51DA46A}.Release|x64.Build.0 = Release|Any CPU
		{ACE94A6A-93BF-49FA-80FF-7A40F51DA46A}.Release|x86.ActiveCfg = Release|Any CPU
		{ACE94A6A-93BF-49FA-80FF-7A40F51DA46A}.Release|x86.Build.0 = Release|Any CPU
		{7193A5AC-C642-47C6-8728-D37988960351}.Debug|Any CPU.ActiveCfg = Debug|Any CPU
		{7193A5AC-C642-47C6-8728-D37988960351}.Debug|Any CPU.Build.0 = Debug|Any CPU
		{7193A5AC-C642-47C6-8728-D37988960351}.Debug|x64.ActiveCfg = Debug|Any CPU
		{7193A5AC-C642-47C6-8728-D37988960351}.Debug|x64.Build.0 = Debug|Any CPU
		{7193A5AC-C642-47C6-8728-D37988960351}.Debug|x86.ActiveCfg = Debug|Any CPU
		{7193A5AC-C642-47C6-8728-D37988960351}.Debug|x86.Build.0 = Debug|Any CPU
		{7193A5AC-C642-47C6-8728-D37988960351}.Release|Any CPU.ActiveCfg = Release|Any CPU
		{7193A5AC-C642-47C6-8728-D37988960351}.Release|Any CPU.Build.0 = Release|Any CPU
		{7193A5AC-C642-47C6-8728-D37988960351}.Release|x64.ActiveCfg = Release|Any CPU
		{7193A5AC-C642-47C6-8728-D37988960351}.Release|x64.Build.0 = Release|Any CPU
		{7193A5AC-C642-47C6-8728-D37988960351}.Release|x86.ActiveCfg = Release|Any CPU
		{7193A5AC-C642-47C6-8728-D37988960351}.Release|x86.Build.0 = Release|Any CPU
		{32139110-50B9-429E-B4C2-2EF6096D9032}.Debug|Any CPU.ActiveCfg = Debug|Any CPU
		{32139110-50B9-429E-B4C2-2EF6096D9032}.Debug|Any CPU.Build.0 = Debug|Any CPU
		{32139110-50B9-429E-B4C2-2EF6096D9032}.Debug|x64.ActiveCfg = Debug|Any CPU
		{32139110-50B9-429E-B4C2-2EF6096D9032}.Debug|x64.Build.0 = Debug|Any CPU
		{32139110-50B9-429E-B4C2-2EF6096D9032}.Debug|x86.ActiveCfg = Debug|Any CPU
		{32139110-50B9-429E-B4C2-2EF6096D9032}.Debug|x86.Build.0 = Debug|Any CPU
		{32139110-50B9-429E-B4C2-2EF6096D9032}.Release|Any CPU.ActiveCfg = Release|Any CPU
		{32139110-50B9-429E-B4C2-2EF6096D9032}.Release|Any CPU.Build.0 = Release|Any CPU
		{32139110-50B9-429E-B4C2-2EF6096D9032}.Release|x64.ActiveCfg = Release|Any CPU
		{32139110-50B9-429E-B4C2-2EF6096D9032}.Release|x64.Build.0 = Release|Any CPU
		{32139110-50B9-429E-B4C2-2EF6096D9032}.Release|x86.ActiveCfg = Release|Any CPU
		{32139110-50B9-429E-B4C2-2EF6096D9032}.Release|x86.Build.0 = Release|Any CPU
		{66F6CE33-8471-45EB-A57F-3AAC17BA8375}.Debug|Any CPU.ActiveCfg = Debug|Any CPU
		{66F6CE33-8471-45EB-A57F-3AAC17BA8375}.Debug|Any CPU.Build.0 = Debug|Any CPU
		{66F6CE33-8471-45EB-A57F-3AAC17BA8375}.Debug|x64.ActiveCfg = Debug|Any CPU
		{66F6CE33-8471-45EB-A57F-3AAC17BA8375}.Debug|x64.Build.0 = Debug|Any CPU
		{66F6CE33-8471-45EB-A57F-3AAC17BA8375}.Debug|x86.ActiveCfg = Debug|Any CPU
		{66F6CE33-8471-45EB-A57F-3AAC17BA8375}.Debug|x86.Build.0 = Debug|Any CPU
		{66F6CE33-8471-45EB-A57F-3AAC17BA8375}.Release|Any CPU.ActiveCfg = Release|Any CPU
		{66F6CE33-8471-45EB-A57F-3AAC17BA8375}.Release|Any CPU.Build.0 = Release|Any CPU
		{66F6CE33-8471-45EB-A57F-3AAC17BA8375}.Release|x64.ActiveCfg = Release|Any CPU
		{66F6CE33-8471-45EB-A57F-3AAC17BA8375}.Release|x64.Build.0 = Release|Any CPU
		{66F6CE33-8471-45EB-A57F-3AAC17BA8375}.Release|x86.ActiveCfg = Release|Any CPU
		{66F6CE33-8471-45EB-A57F-3AAC17BA8375}.Release|x86.Build.0 = Release|Any CPU
	EndGlobalSection
	GlobalSection(SolutionProperties) = preSolution
		HideSolutionNode = FALSE
	EndGlobalSection
	GlobalSection(NestedProjects) = preSolution
		{D4D075D3-190A-4BE8-87D1-CE1DFD94590A} = {8FAD1B61-A0E8-43DC-AAA2-731F09869228}
		{ACE94A6A-93BF-49FA-80FF-7A40F51DA46A} = {8FAD1B61-A0E8-43DC-AAA2-731F09869228}
		{7193A5AC-C642-47C6-8728-D37988960351} = {8FAD1B61-A0E8-43DC-AAA2-731F09869228}
		{32139110-50B9-429E-B4C2-2EF6096D9032} = {8FAD1B61-A0E8-43DC-AAA2-731F09869228}
		{66F6CE33-8471-45EB-A57F-3AAC17BA8375} = {8FAD1B61-A0E8-43DC-AAA2-731F09869228}
	EndGlobalSection
	GlobalSection(ExtensibilityGlobals) = postSolution
		SolutionGuid = {AE07C3B8-F443-409E-99C7-5FB515F3416B}
	EndGlobalSection
EndGlobal
